
Microsoft Visual Studio Solution File, Format Version 12.00
# Visual Studio Version 17
VisualStudioVersion = 17.1.32210.238
MinimumVisualStudioVersion = 10.0.40219.1
Project("{FAE04EC0-301F-11D3-BF4B-00C04F79EFBC}") = "document-and-form-analyzer", "document-and-form-analyzer\document-and-form-analyzer.csproj", "{963455F8-093B-4752-9DFA-8255A6B43750}"
EndProject
Global
	GlobalSection(SolutionConfigurationPlatforms) = preSolution
		Debug|Any CPU = Debug|Any CPU
		Release|Any CPU = Release|Any CPU
	EndGlobalSection
	GlobalSection(ProjectConfigurationPlatforms) = postSolution
		{963455F8-093B-4752-9DFA-8255A6B43750}.Debug|Any CPU.ActiveCfg = Debug|Any CPU
		{963455F8-093B-4752-9DFA-8255A6B43750}.Debug|Any CPU.Build.0 = Debug|Any CPU
		{963455F8-093B-4752-9DFA-8255A6B43750}.Release|Any CPU.ActiveCfg = Release|Any CPU
		{963455F8-093B-4752-9DFA-8255A6B43750}.Release|Any CPU.Build.0 = Release|Any CPU
	EndGlobalSection
	GlobalSection(SolutionProperties) = preSolution
		HideSolutionNode = FALSE
	EndGlobalSection
	GlobalSection(ExtensibilityGlobals) = postSolution
		SolutionGuid = {A9B32E88-DB02-4873-B810-C0F1A9B1C211}
	EndGlobalSection
EndGlobal
